PODS:
  - SunbeamAFNetworkingService (0.2.12)

DEPENDENCIES:
  - SunbeamAFNetworkingService (from `../`)

EXTERNAL SOURCES:
  SunbeamAFNetworkingService:
    :path: ../

SPEC CHECKSUMS:
  SunbeamAFNetworkingService: a3d909db4fd2ff09a846be4f97e09472e13c9168

PODFILE CHECKSUM: 70d4b37e9b9c8a3cdd1f99f02fdb2ce94e462bd9

COCOAPODS: 1.0.1
