PODS:
  - AFNetworking (2.6.3):
    - AFNetworking/NSURLConnection (= 2.6.3)
    - AFNetworking/NSURLSession (= 2.6.3)
    - AFNetworking/Reachability (= 2.6.3)
    - AFNetworking/Security (= 2.6.3)
    - AFNetworking/Serialization (= 2.6.3)
    - AFNetworking/UIKit (= 2.6.3)
  - AFNetworking/NSURLConnection (2.6.3):
    - AFNetworking/Reachability
    - AFNetworking/Security
    - AFNetworking/Serialization
  - AFNetworking/NSURLSession (2.6.3):
    - AFNetworking/Reachability
    - AFNetworking/Security
    - AFNetworking/Serialization
  - AFNetworking/Reachability (2.6.3)
  - AFNetworking/Security (2.6.3)
  - AFNetworking/Serialization (2.6.3)
  - AFNetworking/UIKit (2.6.3):
    - AFNetworking/NSURLConnection
    - AFNetworking/NSURLSession
  - SunbeamAFNetworkingService (0.2.1):
    - AFNetworking (~> 2.6.3)

DEPENDENCIES:
  - SunbeamAFNetworkingService (from `../`)

EXTERNAL SOURCES:
  SunbeamAFNetworkingService:
    :path: ../

SPEC CHECKSUMS:
  AFNetworking: cb8d14a848e831097108418f5d49217339d4eb60
  SunbeamAFNetworkingService: f595acc90cc675f1d5cdc09c7693113634869b25

PODFILE CHECKSUM: 70d4b37e9b9c8a3cdd1f99f02fdb2ce94e462bd9

COCOAPODS: 1.0.1
