PODS:
  - SunbeamAFNetworkingService (0.2.13)

DEPENDENCIES:
  - SunbeamAFNetworkingService (from `../`)

EXTERNAL SOURCES:
  SunbeamAFNetworkingService:
    :path: ../

SPEC CHECKSUMS:
  SunbeamAFNetworkingService: 79a2ad988b229ffa6bbc2db1b50c44140155c1be

PODFILE CHECKSUM: 70d4b37e9b9c8a3cdd1f99f02fdb2ce94e462bd9

COCOAPODS: 1.0.1
